
Microsoft Visual Studio Solution File, Format Version 12.00
# Visual Studio Version 17
VisualStudioVersion = 17.5.33530.505
MinimumVisualStudioVersion = 10.0.40219.1
Project("{9A19103F-16F7-4668-BE54-9A1E7A4F7556}") = "CompanionApp", "CompanionApp\CompanionApp.csproj", "{F6FC9F70-8926-4A2F-BE73-5191347A0B79}"
EndProject
Project("{9A19103F-16F7-4668-BE54-9A1E7A4F7556}") = "MazeProject", "MazeProject\MazeProject.csproj", "{43E99D33-16B4-46FB-921F-462FB17577C7}"
EndProject
Global
	GlobalSection(SolutionConfigurationPlatforms) = preSolution
		Debug|Any CPU = Debug|Any CPU
		Release|Any CPU = Release|Any CPU
	EndGlobalSection
	GlobalSection(ProjectConfigurationPlatforms) = postSolution
		{F6FC9F70-8926-4A2F-BE73-5191347A0B79}.Debug|Any CPU.ActiveCfg = Debug|Any CPU
		{F6FC9F70-8926-4A2F-BE73-5191347A0B79}.Debug|Any CPU.Build.0 = Debug|Any CPU
		{F6FC9F70-8926-4A2F-BE73-5191347A0B79}.Release|Any CPU.ActiveCfg = Release|Any CPU
		{F6FC9F70-8926-4A2F-BE73-5191347A0B79}.Release|Any CPU.Build.0 = Release|Any CPU
		{43E99D33-16B4-46FB-921F-462FB17577C7}.Debug|Any CPU.ActiveCfg = Debug|Any CPU
		{43E99D33-16B4-46FB-921F-462FB17577C7}.Debug|Any CPU.Build.0 = Debug|Any CPU
		{43E99D33-16B4-46FB-921F-462FB17577C7}.Release|Any CPU.ActiveCfg = Release|Any CPU
		{43E99D33-16B4-46FB-921F-462FB17577C7}.Release|Any CPU.Build.0 = Release|Any CPU
	EndGlobalSection
	GlobalSection(SolutionProperties) = preSolution
		HideSolutionNode = FALSE
	EndGlobalSection
	GlobalSection(ExtensibilityGlobals) = postSolution
		SolutionGuid = {BE888780-1061-4603-A569-E95FE5E4F1C1}
	EndGlobalSection
EndGlobal
